Microsoft Visual Studio Solution File, Format Version 12.00
# Visual Studio Version 18
VisualStudioVersion = 18.0.0.0
MinimumVisualStudioVersion = 10.0.40219.1
# Passive packaging manifest: GameHelper\\GameHelper.csproj
# Passive packaging manifest: GameOffsets\\GameOffsets.csproj
# Passive packaging manifest: renderer-src\\ClickableTransparentOverlay\\ClickableTransparentOverlay\\ClickableTransparentOverlay.csproj
# Passive packaging manifest: Plugins\\PreloadAlert\\PreloadAlert.csproj
# Passive packaging manifest: Plugins\\Radar\\Radar.csproj
# Passive packaging manifest: Plugins\\HealthBars\\HealthBars.csproj
# Passive packaging manifest: Plugins\\Atlas2\\Atlas2.csproj
# Passive packaging manifest: Plugins\\PlayerBuffBar\\PlayerBuffBar.csproj
# Passive packaging manifest: Plugins\\LootValue\\LootValue.csproj
# Passive packaging manifest: Plugins\\NinjaPricer\\NinjaPricer.csproj
Project("{FAE04EC0-301F-11D3-BF4B-00C04F79EFBC}") = "GameHelper", "GameHelper\GameHelper.csproj", "{F91E45A5-0DEE-4D4C-A89C-69B18F38134E}"
EndProject
Project("{FAE04EC0-301F-11D3-BF4B-00C04F79EFBC}") = "GameOffsets", "GameOffsets\GameOffsets.csproj", "{95B261DD-906E-4634-81D4-0A5A8C1D9398}"
EndProject
Project("{FAE04EC0-301F-11D3-BF4B-00C04F79EFBC}") = "ClickableTransparentOverlay", "renderer-src\ClickableTransparentOverlay\ClickableTransparentOverlay\ClickableTransparentOverlay.csproj", "{D7B850E6-6236-476A-A614-776DFDA56EB0}"
EndProject
Project("{FAE04EC0-301F-11D3-BF4B-00C04F79EFBC}") = "PreloadAlert", "Plugins\PreloadAlert\PreloadAlert.csproj", "{112D3DA8-8800-4DAF-9170-B1F0EB8249C7}"
EndProject
Project("{FAE04EC0-301F-11D3-BF4B-00C04F79EFBC}") = "Radar", "Plugins\Radar\Radar.csproj", "{8F659334-9906-4693-B1D3-8ABC188E83A5}"
EndProject
Project("{FAE04EC0-301F-11D3-BF4B-00C04F79EFBC}") = "HealthBars", "Plugins\HealthBars\HealthBars.csproj", "{113DA4E9-73EB-411C-B328-6440DBB5AB1C}"
EndProject
Project("{FAE04EC0-301F-11D3-BF4B-00C04F79EFBC}") = "Atlas2", "Plugins\Atlas2\Atlas2.csproj", "{A712B3C4-2E5F-4A9B-B0D1-8F6C7E2A9D31}"
EndProject
Project("{FAE04EC0-301F-11D3-BF4B-00C04F79EFBC}") = "PlayerBuffBar", "Plugins\PlayerBuffBar\PlayerBuffBar.csproj", "{B823C4D5-3F60-4BAC-C1E2-906D8F3BAE42}"
EndProject
Project("{FAE04EC0-301F-11D3-BF4B-00C04F79EFBC}") = "LootValue", "Plugins\LootValue\LootValue.csproj", "{A5E8BC9B-0DDA-4008-ADAE-3F594B4A79DF}"
EndProject
Project("{FAE04EC0-301F-11D3-BF4B-00C04F79EFBC}") = "NinjaPricer", "Plugins\NinjaPricer\NinjaPricer.csproj", "{F8228533-00A9-40B0-97A5-BD6D7B29DA59}"
EndProject
Global
	GlobalSection(SolutionConfigurationPlatforms) = preSolution
		Release|Any CPU = Release|Any CPU
	EndGlobalSection
	GlobalSection(ProjectConfigurationPlatforms) = postSolution
		{F91E45A5-0DEE-4D4C-A89C-69B18F38134E}.Release|Any CPU.ActiveCfg = Release|Any CPU
		{F91E45A5-0DEE-4D4C-A89C-69B18F38134E}.Release|Any CPU.Build.0 = Release|Any CPU
		{95B261DD-906E-4634-81D4-0A5A8C1D9398}.Release|Any CPU.ActiveCfg = Release|Any CPU
		{95B261DD-906E-4634-81D4-0A5A8C1D9398}.Release|Any CPU.Build.0 = Release|Any CPU
		{D7B850E6-6236-476A-A614-776DFDA56EB0}.Release|Any CPU.ActiveCfg = Release|Any CPU
		{D7B850E6-6236-476A-A614-776DFDA56EB0}.Release|Any CPU.Build.0 = Release|Any CPU
		{112D3DA8-8800-4DAF-9170-B1F0EB8249C7}.Release|Any CPU.ActiveCfg = Release|Any CPU
		{112D3DA8-8800-4DAF-9170-B1F0EB8249C7}.Release|Any CPU.Build.0 = Release|Any CPU
		{8F659334-9906-4693-B1D3-8ABC188E83A5}.Release|Any CPU.ActiveCfg = Release|Any CPU
		{8F659334-9906-4693-B1D3-8ABC188E83A5}.Release|Any CPU.Build.0 = Release|Any CPU
		{113DA4E9-73EB-411C-B328-6440DBB5AB1C}.Release|Any CPU.ActiveCfg = Release|Any CPU
		{113DA4E9-73EB-411C-B328-6440DBB5AB1C}.Release|Any CPU.Build.0 = Release|Any CPU
		{A712B3C4-2E5F-4A9B-B0D1-8F6C7E2A9D31}.Release|Any CPU.ActiveCfg = Release|Any CPU
		{A712B3C4-2E5F-4A9B-B0D1-8F6C7E2A9D31}.Release|Any CPU.Build.0 = Release|Any CPU
		{B823C4D5-3F60-4BAC-C1E2-906D8F3BAE42}.Release|Any CPU.ActiveCfg = Release|Any CPU
		{B823C4D5-3F60-4BAC-C1E2-906D8F3BAE42}.Release|Any CPU.Build.0 = Release|Any CPU
		{A5E8BC9B-0DDA-4008-ADAE-3F594B4A79DF}.Release|Any CPU.ActiveCfg = Release|Any CPU
		{A5E8BC9B-0DDA-4008-ADAE-3F594B4A79DF}.Release|Any CPU.Build.0 = Release|Any CPU
		{F8228533-00A9-40B0-97A5-BD6D7B29DA59}.Release|Any CPU.ActiveCfg = Release|Any CPU
		{F8228533-00A9-40B0-97A5-BD6D7B29DA59}.Release|Any CPU.Build.0 = Release|Any CPU
	EndGlobalSection
EndGlobal
